{
  "name": "comvar-readonly",
  "version": "0.1.0",
  "lockfileVersion": 3,
  "requires": true,
  "packages": {
    "": {
      "name": "comvar-readonly",
      "version": "0.1.0",
      "license": "UNLICENSED",
      "dependencies": {
        "@comvar/core-readonly": "file:packages/comvar-core-readonly-0.1.5.tgz",
        "@lutherts/error-handling": "file:packages/lutherts-error-handling-0.1.6.tgz"
      },
      "devDependencies": {
        "@types/vscode": "^1.120.0"
      },
      "engines": {
        "vscode": "^1.100.0"
      }
    },
    "node_modules/@comvar/core-readonly": {
      "version": "0.1.5",
      "resolved": "file:packages/comvar-core-readonly-0.1.5.tgz",
      "integrity": "sha512-CdjhCFjSIm5SvKBUWPH7saBQiqsYVkvRKGinp7bDyxUhGAWu1uttHF34hrJgxBBQnhYDGFPj4gOaHYh/rnqqCw==",
      "license": "UNLICENSED",
      "dependencies": {
        "@lutherts/error-handling": "file:packages/lutherts-error-handling-0.1.6.tgz",
        "zod": "^4.4.3"
      }
    },
    "node_modules/@lutherts/error-handling": {
      "version": "0.1.6",
      "resolved": "file:packages/lutherts-error-handling-0.1.6.tgz",
      "integrity": "sha512-bVn+AHW5mpyGYBOvTjZPl4OOeTwmAxlMkfgHesyf/sNhDatOpu0Ek6IkqhFhaCZbjreqmxjFKvPlUIWAU5/7IA==",
      "license": "UNLICENSED"
    },
    "node_modules/@types/vscode": {
      "version": "1.120.0",
      "resolved": "https://registry.npmjs.org/@types/vscode/-/vscode-1.120.0.tgz",
      "integrity": "sha512-feaT4Rst+FkTch5zz/ZbNCxoIvo55YU80Be2kiL7OJcod4+CUYf2lUBPdIJzozNnSEMq1VRTGrWEcCGFB3fBmA==",
      "dev": true,
      "license": "MIT"
    },
    "node_modules/zod": {
      "version": "4.4.3",
      "resolved": "https://registry.npmjs.org/zod/-/zod-4.4.3.tgz",
      "integrity": "sha512-ytENFjIJFl2UwYglde2jchW2Hwm4GJFLDiSXWdTrJQBIN9Fcyp7n4DhxJEiWNAJMV1/BqWfW/kkg71UDcHJyTQ==",
      "license": "MIT",
      "funding": {
        "url": "https://github.com/sponsors/colinhacks"
      }
    }
  }
}
