{
  "name": "comvar-readonly",
  "version": "0.1.0",
  "lockfileVersion": 3,
  "requires": true,
  "packages": {
    "": {
      "name": "comvar-readonly",
      "version": "0.1.0",
      "license": "UNLICENSED",
      "dependencies": {
        "@comvar/core-readonly": "^0.1.10",
        "@lutherts/error-handling": "^0.1.10",
        "typescript-server-plugin": "file:plugin/package/typescript-server-plugin-0.1.0.tgz"
      },
      "engines": {
        "vscode": "^1.110.0"
      }
    },
    "node_modules/@comvar/core-readonly": {
      "version": "0.1.10",
      "resolved": "https://registry.npmjs.org/@comvar/core-readonly/-/core-readonly-0.1.10.tgz",
      "integrity": "sha512-Shc695l97y6vtYZ/lfiQAS7Hy2k9jEFhVNa7fdGOxn2xOsgxxmlU1l/UtrPifDv0k4s0EM9z/vs/Zo3sj3MQ5Q==",
      "license": "UNLICENSED",
      "dependencies": {
        "@lutherts/error-handling": "^0.1.10",
        "zod": "^4.4.3"
      }
    },
    "node_modules/@lutherts/error-handling": {
      "version": "0.1.10",
      "resolved": "https://registry.npmjs.org/@lutherts/error-handling/-/error-handling-0.1.10.tgz",
      "integrity": "sha512-WJqOU4elVkd2uQSaM483bZUbSEmdPEo7ASNTM3SlR2anDUn6ECGt6L8O2lDQTUmYsDBu7OLu+OpN9QHFaQiYxg==",
      "license": "UNLICENSED"
    },
    "node_modules/typescript-server-plugin": {
      "version": "0.1.0",
      "resolved": "file:plugin/package/typescript-server-plugin-0.1.0.tgz",
      "integrity": "sha512-melNHr+8RT29ZSaRwkC2YbE9CIMQb72eboGVuTBG+4YvmhMUZHo/oMouD3wYNwpMlrCgeixwcYBPOjrZmEmgsA=="
    },
    "node_modules/zod": {
      "version": "4.4.3",
      "resolved": "https://registry.npmjs.org/zod/-/zod-4.4.3.tgz",
      "integrity": "sha512-ytENFjIJFl2UwYglde2jchW2Hwm4GJFLDiSXWdTrJQBIN9Fcyp7n4DhxJEiWNAJMV1/BqWfW/kkg71UDcHJyTQ==",
      "license": "MIT",
      "funding": {
        "url": "https://github.com/sponsors/colinhacks"
      }
    }
  }
}
